{
  "requires": true,
  "lockfileVersion": 1,
  "dependencies": {
    "angular-webpack-config": {
      "version": "6.0.1",
      "resolved": "https://registry.npmjs.org/angular-webpack-config/-/angular-webpack-config-6.0.1.tgz",
      "integrity": "sha512-tFsGvp4M1YhHoLPjLO+zW3OaHatZaaVIKD8WvfyFYV0IB8VGR0gBrwozBKVLlI5sbhuXM7sEMBPKcfP2KkwBDg=="
    }
  }
}
